
Microsoft Visual Studio Solution File, Format Version 12.00
# Visual Studio Version 17
VisualStudioVersion = 17.3.32901.215
MinimumVisualStudioVersion = 10.0.40219.1
Project("{FAE04EC0-301F-11D3-BF4B-00C04F79EFBC}") = "Semana2_figuras", "Semana2_figuras\Semana2_figuras.csproj", "{DB7BD969-1ADD-42F6-A912-49D2870185F3}"
EndProject
Global
	GlobalSection(SolutionConfigurationPlatforms) = preSolution
		Debug|Any CPU = Debug|Any CPU
		Release|Any CPU = Release|Any CPU
	EndGlobalSection
	GlobalSection(ProjectConfigurationPlatforms) = postSolution
		{DB7BD969-1ADD-42F6-A912-49D2870185F3}.Debug|Any CPU.ActiveCfg = Debug|Any CPU
		{DB7BD969-1ADD-42F6-A912-49D2870185F3}.Debug|Any CPU.Build.0 = Debug|Any CPU
		{DB7BD969-1ADD-42F6-A912-49D2870185F3}.Release|Any CPU.ActiveCfg = Release|Any CPU
		{DB7BD969-1ADD-42F6-A912-49D2870185F3}.Release|Any CPU.Build.0 = Release|Any CPU
	EndGlobalSection
	GlobalSection(SolutionProperties) = preSolution
		HideSolutionNode = FALSE
	EndGlobalSection
	GlobalSection(ExtensibilityGlobals) = postSolution
		SolutionGuid = {2328A292-DD9F-4BDB-A68F-98B1B4188D8E}
	EndGlobalSection
EndGlobal
